
Microsoft Visual Studio Solution File, Format Version 12.00
# Visual Studio 14
VisualStudioVersion = 14.0.24720.0
MinimumVisualStudioVersion = 10.0.40219.1
Project("{8BC9CEB8-8B4A-11D0-8D11-00A0C91BC942}") = "NEWorld", "NEWorld.vcxproj", "{9401A960-F56F-4186-AD7D-2F9A6F541190}"
	ProjectSection(ProjectDependencies) = postProject
		{1A1B24AF-2218-41BB-BFF0-2A5DF3EA9ACC} = {1A1B24AF-2218-41BB-BFF0-2A5DF3EA9ACC}
	EndProjectSection
EndProject
Project("{8BC9CEB8-8B4A-11D0-8D11-00A0C91BC942}") = "NEWorldServer", "Server\NEWorldServer.vcxproj", "{ABBA7A56-1D26-4C66-AED9-67C8F7CC3AE7}"
EndProject
Project("{8BC9CEB8-8B4A-11D0-8D11-00A0C91BC942}") = "PluginSDK", "PluginSDK\PluginSDK.vcxproj", "{1A1B24AF-2218-41BB-BFF0-2A5DF3EA9ACC}"
EndProject
Project("{8BC9CEB8-8B4A-11D0-8D11-00A0C91BC942}") = "NEWorldUIKit", "..\NEWorldUIKit\NEWorldUIKit.vcxproj", "{FF06DAC7-2783-41E3-95C3-8B88C602A6C4}"
EndProject
Project("{8BC9CEB8-8B4A-11D0-8D11-00A0C91BC942}") = "NEWorldFoundationKit", "NEWorldFoundationKit\NEWorldFoundationKit.vcxproj", "{07896376-E187-4D50-B22A-DD4C29EB4A8A}"
EndProject
Global
	GlobalSection(SolutionConfigurationPlatforms) = preSolution
		Debug|Win32 = Debug|Win32
		Debug|x64 = Debug|x64
		Profile|Win32 = Profile|Win32
		Profile|x64 = Profile|x64
		Release|Win32 = Release|Win32
		Release|x64 = Release|x64
	EndGlobalSection
	GlobalSection(ProjectConfigurationPlatforms) = postSolution
		{9401A960-F56F-4186-AD7D-2F9A6F541190}.Debug|Win32.ActiveCfg = Debug|Win32
		{9401A960-F56F-4186-AD7D-2F9A6F541190}.Debug|Win32.Build.0 = Debug|Win32
		{9401A960-F56F-4186-AD7D-2F9A6F541190}.Debug|x64.ActiveCfg = Debug|x64
		{9401A960-F56F-4186-AD7D-2F9A6F541190}.Debug|x64.Build.0 = Debug|x64
		{9401A960-F56F-4186-AD7D-2F9A6F541190}.Profile|Win32.ActiveCfg = Profile|Win32
		{9401A960-F56F-4186-AD7D-2F9A6F541190}.Profile|Win32.Build.0 = Profile|Win32
		{9401A960-F56F-4186-AD7D-2F9A6F541190}.Profile|x64.ActiveCfg = Profile|x64
		{9401A960-F56F-4186-AD7D-2F9A6F541190}.Profile|x64.Build.0 = Profile|x64
		{9401A960-F56F-4186-AD7D-2F9A6F541190}.Release|Win32.ActiveCfg = Release|Win32
		{9401A960-F56F-4186-AD7D-2F9A6F541190}.Release|Win32.Build.0 = Release|Win32
		{9401A960-F56F-4186-AD7D-2F9A6F541190}.Release|x64.ActiveCfg = Release|x64
		{9401A960-F56F-4186-AD7D-2F9A6F541190}.Release|x64.Build.0 = Release|x64
		{ABBA7A56-1D26-4C66-AED9-67C8F7CC3AE7}.Debug|Win32.ActiveCfg = Debug|Win32
		{ABBA7A56-1D26-4C66-AED9-67C8F7CC3AE7}.Debug|Win32.Build.0 = Debug|Win32
		{ABBA7A56-1D26-4C66-AED9-67C8F7CC3AE7}.Debug|x64.ActiveCfg = Debug|x64
		{ABBA7A56-1D26-4C66-AED9-67C8F7CC3AE7}.Debug|x64.Build.0 = Debug|x64
		{ABBA7A56-1D26-4C66-AED9-67C8F7CC3AE7}.Profile|Win32.ActiveCfg = Profile|Win32
		{ABBA7A56-1D26-4C66-AED9-67C8F7CC3AE7}.Profile|Win32.Build.0 = Profile|Win32
		{ABBA7A56-1D26-4C66-AED9-67C8F7CC3AE7}.Profile|x64.ActiveCfg = Profile|x64
		{ABBA7A56-1D26-4C66-AED9-67C8F7CC3AE7}.Profile|x64.Build.0 = Profile|x64
		{ABBA7A56-1D26-4C66-AED9-67C8F7CC3AE7}.Release|Win32.ActiveCfg = Release|Win32
		{ABBA7A56-1D26-4C66-AED9-67C8F7CC3AE7}.Release|Win32.Build.0 = Release|Win32
		{ABBA7A56-1D26-4C66-AED9-67C8F7CC3AE7}.Release|x64.ActiveCfg = Release|x64
		{ABBA7A56-1D26-4C66-AED9-67C8F7CC3AE7}.Release|x64.Build.0 = Release|x64
		{FF06DAC7-2783-41E3-95C3-8B88C602A6C4}.Debug|Win32.ActiveCfg = Debug|Win32
		{FF06DAC7-2783-41E3-95C3-8B88C602A6C4}.Debug|Win32.Build.0 = Debug|Win32
		{FF06DAC7-2783-41E3-95C3-8B88C602A6C4}.Debug|x64.ActiveCfg = Debug|x64
		{FF06DAC7-2783-41E3-95C3-8B88C602A6C4}.Debug|x64.Build.0 = Debug|x64
		{FF06DAC7-2783-41E3-95C3-8B88C602A6C4}.Profile|Win32.ActiveCfg = Release|Win32
		{FF06DAC7-2783-41E3-95C3-8B88C602A6C4}.Profile|Win32.Build.0 = Release|Win32
		{FF06DAC7-2783-41E3-95C3-8B88C602A6C4}.Profile|x64.ActiveCfg = Release|x64
		{FF06DAC7-2783-41E3-95C3-8B88C602A6C4}.Profile|x64.Build.0 = Release|x64
		{FF06DAC7-2783-41E3-95C3-8B88C602A6C4}.Release|Win32.ActiveCfg = Release|Win32
		{FF06DAC7-2783-41E3-95C3-8B88C602A6C4}.Release|Win32.Build.0 = Release|Win32
		{FF06DAC7-2783-41E3-95C3-8B88C602A6C4}.Release|x64.ActiveCfg = Release|x64
		{FF06DAC7-2783-41E3-95C3-8B88C602A6C4}.Release|x64.Build.0 = Release|x64
		{07896376-E187-4D50-B22A-DD4C29EB4A8A}.Debug|Win32.ActiveCfg = Debug|Win32
		{07896376-E187-4D50-B22A-DD4C29EB4A8A}.Debug|Win32.Build.0 = Debug|Win32
		{07896376-E187-4D50-B22A-DD4C29EB4A8A}.Debug|x64.ActiveCfg = Debug|x64
		{07896376-E187-4D50-B22A-DD4C29EB4A8A}.Debug|x64.Build.0 = Debug|x64
		{07896376-E187-4D50-B22A-DD4C29EB4A8A}.Profile|Win32.ActiveCfg = Release|Win32
		{07896376-E187-4D50-B22A-DD4C29EB4A8A}.Profile|Win32.Build.0 = Release|Win32
		{07896376-E187-4D50-B22A-DD4C29EB4A8A}.Profile|x64.ActiveCfg = Release|x64
		{07896376-E187-4D50-B22A-DD4C29EB4A8A}.Profile|x64.Build.0 = Release|x64
		{07896376-E187-4D50-B22A-DD4C29EB4A8A}.Release|Win32.ActiveCfg = Release|Win32
		{07896376-E187-4D50-B22A-DD4C29EB4A8A}.Release|Win32.Build.0 = Release|Win32
		{07896376-E187-4D50-B22A-DD4C29EB4A8A}.Release|x64.ActiveCfg = Release|x64
		{07896376-E187-4D50-B22A-DD4C29EB4A8A}.Release|x64.Build.0 = Release|x64
	EndGlobalSection
	GlobalSection(SolutionProperties) = preSolution
		HideSolutionNode = FALSE
	EndGlobalSection
EndGlobal
